github.com/chinanwu/solver v1.1.0 h1:XeT6SpKSnYPkXa57HffrnWvFMpKyChLqK80zwbMV9SM=
github.com/chinanwu/solver v1.1.0/go.mod h1:ixCS6rYHbX/z1xhFvoR+82vzKotOr4TuteJJv+Qc/Cg=
github.com/gorilla/mux v1.8.0 h1:i40aqfkR1h2SlN9hojwV5ZA91wcXFOvkdNIeFDP5koI=
github.com/gorilla/mux v1.8.0/go.mod h1:DVbg23sWSpFRCP0SfiEN6jmj59UnW/n46BH5rLB71So=
github.com/rs/cors v1.7.0 h1:+88SsELBHx5r+hZ8TCkggzSstaWNbDvThkVK8H6f9ik=
github.com/rs/cors v1.7.0/go.mod h1:gFx+x8UowdsKA9AchylcLynDq+nNFfI8FkUZdN/jGCU=
github.com/yourbasic/graph v0.0.0-20170921192928-40eb135c0b26 h1:4u7nCRnWizT8R6xOP7cGaq+Ov0oBGkKMsLWZKiwDFas=
github.com/yourbasic/graph v0.0.0-20170921192928-40eb135c0b26/go.mod h1:Rfzr+sqaDreiCaoQbFCu3sTXxeFq/9kXRuyOoSlGQHE=
